
Microsoft Visual Studio Solution File, Format Version 12.00
# Visual Studio 15
VisualStudioVersion = 15.0.26403.7
MinimumVisualStudioVersion = 10.0.40219.1
Project("{FAE04EC0-301F-11D3-BF4B-00C04F79EFBC}") = "KonsoleSQL", "KonsoleSQL\KonsoleSQL.csproj", "{41BCC25C-CBD7-470A-B40F-8D60856B0084}"
EndProject
Project("{FAE04EC0-301F-11D3-BF4B-00C04F79EFBC}") = "Karteikarten-APP", "Karteikarten-APP\Karteikarten-APP.csproj", "{FB82CEAA-47D0-4FE5-A418-B849C2C3703A}"
EndProject
Global
	GlobalSection(SolutionConfigurationPlatforms) = preSolution
		Debug|Any CPU = Debug|Any CPU
		Release|Any CPU = Release|Any CPU
	EndGlobalSection
	GlobalSection(ProjectConfigurationPlatforms) = postSolution
		{41BCC25C-CBD7-470A-B40F-8D60856B0084}.Debug|Any CPU.ActiveCfg = Debug|Any CPU
		{41BCC25C-CBD7-470A-B40F-8D60856B0084}.Debug|Any CPU.Build.0 = Debug|Any CPU
		{41BCC25C-CBD7-470A-B40F-8D60856B0084}.Release|Any CPU.ActiveCfg = Release|Any CPU
		{41BCC25C-CBD7-470A-B40F-8D60856B0084}.Release|Any CPU.Build.0 = Release|Any CPU
		{FB82CEAA-47D0-4FE5-A418-B849C2C3703A}.Debug|Any CPU.ActiveCfg = Debug|Any CPU
		{FB82CEAA-47D0-4FE5-A418-B849C2C3703A}.Debug|Any CPU.Build.0 = Debug|Any CPU
		{FB82CEAA-47D0-4FE5-A418-B849C2C3703A}.Release|Any CPU.ActiveCfg = Release|Any CPU
		{FB82CEAA-47D0-4FE5-A418-B849C2C3703A}.Release|Any CPU.Build.0 = Release|Any CPU
	EndGlobalSection
	GlobalSection(SolutionProperties) = preSolution
		HideSolutionNode = FALSE
	EndGlobalSection
EndGlobal
